
Microsoft Visual Studio Solution File, Format Version 12.00
# Visual Studio Version 16
VisualStudioVersion = 16.0.32228.343
MinimumVisualStudioVersion = 10.0.40219.1
Project("{FAE04EC0-301F-11D3-BF4B-00C04F79EFBC}") = "libMan", "libMan\libMan.csproj", "{47E72EF2-B7EB-40F5-A26C-D7DE3FB39330}"
EndProject
Project("{FAE04EC0-301F-11D3-BF4B-00C04F79EFBC}") = "Models", "Models\Models.csproj", "{71818773-2F43-4D03-819A-675475D178FB}"
EndProject
Project("{FAE04EC0-301F-11D3-BF4B-00C04F79EFBC}") = "Utils", "Utils\Utils.csproj", "{A7C2FF87-37AA-42B8-8947-2C74485B8FB1}"
EndProject
Global
	GlobalSection(SolutionConfigurationPlatforms) = preSolution
		Debug|Any CPU = Debug|Any CPU
		Release|Any CPU = Release|Any CPU
	EndGlobalSection
	GlobalSection(ProjectConfigurationPlatforms) = postSolution
		{47E72EF2-B7EB-40F5-A26C-D7DE3FB39330}.Debug|Any CPU.ActiveCfg = Debug|Any CPU
		{47E72EF2-B7EB-40F5-A26C-D7DE3FB39330}.Debug|Any CPU.Build.0 = Debug|Any CPU
		{47E72EF2-B7EB-40F5-A26C-D7DE3FB39330}.Release|Any CPU.ActiveCfg = Release|Any CPU
		{47E72EF2-B7EB-40F5-A26C-D7DE3FB39330}.Release|Any CPU.Build.0 = Release|Any CPU
		{71818773-2F43-4D03-819A-675475D178FB}.Debug|Any CPU.ActiveCfg = Debug|Any CPU
		{71818773-2F43-4D03-819A-675475D178FB}.Debug|Any CPU.Build.0 = Debug|Any CPU
		{71818773-2F43-4D03-819A-675475D178FB}.Release|Any CPU.ActiveCfg = Release|Any CPU
		{71818773-2F43-4D03-819A-675475D178FB}.Release|Any CPU.Build.0 = Release|Any CPU
		{A7C2FF87-37AA-42B8-8947-2C74485B8FB1}.Debug|Any CPU.ActiveCfg = Debug|Any CPU
		{A7C2FF87-37AA-42B8-8947-2C74485B8FB1}.Debug|Any CPU.Build.0 = Debug|Any CPU
		{A7C2FF87-37AA-42B8-8947-2C74485B8FB1}.Release|Any CPU.ActiveCfg = Release|Any CPU
		{A7C2FF87-37AA-42B8-8947-2C74485B8FB1}.Release|Any CPU.Build.0 = Release|Any CPU
	EndGlobalSection
	GlobalSection(SolutionProperties) = preSolution
		HideSolutionNode = FALSE
	EndGlobalSection
	GlobalSection(ExtensibilityGlobals) = postSolution
		SolutionGuid = {61F407D4-995B-46BD-8BB8-2934D8937DCC}
	EndGlobalSection
EndGlobal
